
Microsoft Visual Studio Solution File, Format Version 12.00
# Visual Studio 15
VisualStudioVersion = 15.0.27703.2042
MinimumVisualStudioVersion = 10.0.40219.1
Project("{8BC9CEB8-8B4A-11D0-8D11-00A0C91BC942}") = "WinRTCpp_Wireless", "WinRTCpp_Wireless\WinRTCpp_Wireless.vcxproj", "{56B3CBBA-FF7D-49F3-8CB4-B28F0DDD0997}"
EndProject
Project("{8BC9CEB8-8B4A-11D0-8D11-00A0C91BC942}") = "ConsoleApplication", "ConsoleApplication\ConsoleApplication.vcxproj", "{E1CE89CD-E5B6-4947-8119-0C3145E88D44}"
EndProject
Project("{2150E333-8FDC-42A3-9474-1A3956D46DE8}") = "STD_CPP", "STD_CPP", "{29C97DEA-D6F1-4A2E-91F3-BD3C5E8AAE03}"
EndProject
Project("{8BC9CEB8-8B4A-11D0-8D11-00A0C91BC942}") = "CPP_20", "STD_CPP\CPP_20\CPP_20.vcxproj", "{CF486756-CF43-438F-B5B1-705181357067}"
EndProject
Project("{8BC9CEB8-8B4A-11D0-8D11-00A0C91BC942}") = "CPP_11", "STD_CPP\CPP_11\CPP_11.vcxproj", "{25E7180E-F5C7-4BAE-8D81-F1CA5BB99954}"
EndProject
Project("{8BC9CEB8-8B4A-11D0-8D11-00A0C91BC942}") = "CPP_14", "STD_CPP\CPP_14\CPP_14.vcxproj", "{EA39E217-C4E6-4D7E-B84A-06DC7BE2C766}"
EndProject
Project("{8BC9CEB8-8B4A-11D0-8D11-00A0C91BC942}") = "CPP_17", "STD_CPP\CPP_17\CPP_17.vcxproj", "{6EF9CB89-A61E-4EE7-A861-5DF25CC68AAE}"
EndProject
Project("{8BC9CEB8-8B4A-11D0-8D11-00A0C91BC942}") = "CPP_STL", "STD_CPP\CPP_STL\CPP_STL.vcxproj", "{D804280F-72E3-422B-B56B-D117561F5BEF}"
EndProject
Global
	GlobalSection(SolutionConfigurationPlatforms) = preSolution
		Debug|x64 = Debug|x64
		Debug|x86 = Debug|x86
		Release|x64 = Release|x64
		Release|x86 = Release|x86
	EndGlobalSection
	GlobalSection(ProjectConfigurationPlatforms) = postSolution
		{56B3CBBA-FF7D-49F3-8CB4-B28F0DDD0997}.Debug|x64.ActiveCfg = Debug|x64
		{56B3CBBA-FF7D-49F3-8CB4-B28F0DDD0997}.Debug|x64.Build.0 = Debug|x64
		{56B3CBBA-FF7D-49F3-8CB4-B28F0DDD0997}.Debug|x86.ActiveCfg = Debug|Win32
		{56B3CBBA-FF7D-49F3-8CB4-B28F0DDD0997}.Debug|x86.Build.0 = Debug|Win32
		{56B3CBBA-FF7D-49F3-8CB4-B28F0DDD0997}.Release|x64.ActiveCfg = Release|x64
		{56B3CBBA-FF7D-49F3-8CB4-B28F0DDD0997}.Release|x64.Build.0 = Release|x64
		{56B3CBBA-FF7D-49F3-8CB4-B28F0DDD0997}.Release|x86.ActiveCfg = Release|Win32
		{56B3CBBA-FF7D-49F3-8CB4-B28F0DDD0997}.Release|x86.Build.0 = Release|Win32
		{E1CE89CD-E5B6-4947-8119-0C3145E88D44}.Debug|x64.ActiveCfg = Debug|x64
		{E1CE89CD-E5B6-4947-8119-0C3145E88D44}.Debug|x64.Build.0 = Debug|x64
		{E1CE89CD-E5B6-4947-8119-0C3145E88D44}.Debug|x86.ActiveCfg = Debug|Win32
		{E1CE89CD-E5B6-4947-8119-0C3145E88D44}.Debug|x86.Build.0 = Debug|Win32
		{E1CE89CD-E5B6-4947-8119-0C3145E88D44}.Release|x64.ActiveCfg = Release|x64
		{E1CE89CD-E5B6-4947-8119-0C3145E88D44}.Release|x64.Build.0 = Release|x64
		{E1CE89CD-E5B6-4947-8119-0C3145E88D44}.Release|x86.ActiveCfg = Release|Win32
		{E1CE89CD-E5B6-4947-8119-0C3145E88D44}.Release|x86.Build.0 = Release|Win32
		{CF486756-CF43-438F-B5B1-705181357067}.Debug|x64.ActiveCfg = Debug|x64
		{CF486756-CF43-438F-B5B1-705181357067}.Debug|x64.Build.0 = Debug|x64
		{CF486756-CF43-438F-B5B1-705181357067}.Debug|x86.ActiveCfg = Debug|Win32
		{CF486756-CF43-438F-B5B1-705181357067}.Debug|x86.Build.0 = Debug|Win32
		{CF486756-CF43-438F-B5B1-705181357067}.Release|x64.ActiveCfg = Release|x64
		{CF486756-CF43-438F-B5B1-705181357067}.Release|x64.Build.0 = Release|x64
		{CF486756-CF43-438F-B5B1-705181357067}.Release|x86.ActiveCfg = Release|Win32
		{CF486756-CF43-438F-B5B1-705181357067}.Release|x86.Build.0 = Release|Win32
		{25E7180E-F5C7-4BAE-8D81-F1CA5BB99954}.Debug|x64.ActiveCfg = Debug|x64
		{25E7180E-F5C7-4BAE-8D81-F1CA5BB99954}.Debug|x64.Build.0 = Debug|x64
		{25E7180E-F5C7-4BAE-8D81-F1CA5BB99954}.Debug|x86.ActiveCfg = Debug|Win32
		{25E7180E-F5C7-4BAE-8D81-F1CA5BB99954}.Debug|x86.Build.0 = Debug|Win32
		{25E7180E-F5C7-4BAE-8D81-F1CA5BB99954}.Release|x64.ActiveCfg = Release|x64
		{25E7180E-F5C7-4BAE-8D81-F1CA5BB99954}.Release|x64.Build.0 = Release|x64
		{25E7180E-F5C7-4BAE-8D81-F1CA5BB99954}.Release|x86.ActiveCfg = Release|Win32
		{25E7180E-F5C7-4BAE-8D81-F1CA5BB99954}.Release|x86.Build.0 = Release|Win32
		{EA39E217-C4E6-4D7E-B84A-06DC7BE2C766}.Debug|x64.ActiveCfg = Debug|x64
		{EA39E217-C4E6-4D7E-B84A-06DC7BE2C766}.Debug|x64.Build.0 = Debug|x64
		{EA39E217-C4E6-4D7E-B84A-06DC7BE2C766}.Debug|x86.ActiveCfg = Debug|Win32
		{EA39E217-C4E6-4D7E-B84A-06DC7BE2C766}.Debug|x86.Build.0 = Debug|Win32
		{EA39E217-C4E6-4D7E-B84A-06DC7BE2C766}.Release|x64.ActiveCfg = Release|x64
		{EA39E217-C4E6-4D7E-B84A-06DC7BE2C766}.Release|x64.Build.0 = Release|x64
		{EA39E217-C4E6-4D7E-B84A-06DC7BE2C766}.Release|x86.ActiveCfg = Release|Win32
		{EA39E217-C4E6-4D7E-B84A-06DC7BE2C766}.Release|x86.Build.0 = Release|Win32
		{6EF9CB89-A61E-4EE7-A861-5DF25CC68AAE}.Debug|x64.ActiveCfg = Debug|x64
		{6EF9CB89-A61E-4EE7-A861-5DF25CC68AAE}.Debug|x64.Build.0 = Debug|x64
		{6EF9CB89-A61E-4EE7-A861-5DF25CC68AAE}.Debug|x86.ActiveCfg = Debug|Win32
		{6EF9CB89-A61E-4EE7-A861-5DF25CC68AAE}.Debug|x86.Build.0 = Debug|Win32
		{6EF9CB89-A61E-4EE7-A861-5DF25CC68AAE}.Release|x64.ActiveCfg = Release|x64
		{6EF9CB89-A61E-4EE7-A861-5DF25CC68AAE}.Release|x64.Build.0 = Release|x64
		{6EF9CB89-A61E-4EE7-A861-5DF25CC68AAE}.Release|x86.ActiveCfg = Release|Win32
		{6EF9CB89-A61E-4EE7-A861-5DF25CC68AAE}.Release|x86.Build.0 = Release|Win32
		{D804280F-72E3-422B-B56B-D117561F5BEF}.Debug|x64.ActiveCfg = Debug|x64
		{D804280F-72E3-422B-B56B-D117561F5BEF}.Debug|x64.Build.0 = Debug|x64
		{D804280F-72E3-422B-B56B-D117561F5BEF}.Debug|x86.ActiveCfg = Debug|Win32
		{D804280F-72E3-422B-B56B-D117561F5BEF}.Debug|x86.Build.0 = Debug|Win32
		{D804280F-72E3-422B-B56B-D117561F5BEF}.Release|x64.ActiveCfg = Release|x64
		{D804280F-72E3-422B-B56B-D117561F5BEF}.Release|x64.Build.0 = Release|x64
		{D804280F-72E3-422B-B56B-D117561F5BEF}.Release|x86.ActiveCfg = Release|Win32
		{D804280F-72E3-422B-B56B-D117561F5BEF}.Release|x86.Build.0 = Release|Win32
	EndGlobalSection
	GlobalSection(SolutionProperties) = preSolution
		HideSolutionNode = FALSE
	EndGlobalSection
	GlobalSection(NestedProjects) = preSolution
		{CF486756-CF43-438F-B5B1-705181357067} = {29C97DEA-D6F1-4A2E-91F3-BD3C5E8AAE03}
		{25E7180E-F5C7-4BAE-8D81-F1CA5BB99954} = {29C97DEA-D6F1-4A2E-91F3-BD3C5E8AAE03}
		{EA39E217-C4E6-4D7E-B84A-06DC7BE2C766} = {29C97DEA-D6F1-4A2E-91F3-BD3C5E8AAE03}
		{6EF9CB89-A61E-4EE7-A861-5DF25CC68AAE} = {29C97DEA-D6F1-4A2E-91F3-BD3C5E8AAE03}
		{D804280F-72E3-422B-B56B-D117561F5BEF} = {29C97DEA-D6F1-4A2E-91F3-BD3C5E8AAE03}
	EndGlobalSection
	GlobalSection(ExtensibilityGlobals) = postSolution
		SolutionGuid = {99471656-B5A8-48AB-966A-3CB40D63F290}
	EndGlobalSection
EndGlobal
